PODS:
  - CocoaAsyncSocket (7.6.3)
  - SnapKit (4.2.0)

DEPENDENCIES:
  - CocoaAsyncSocket
  - SnapKit

SPEC REPOS:
  https://github.com/cocoapods/specs.git:
    - CocoaAsyncSocket
    - SnapKit

SPEC CHECKSUMS:
  CocoaAsyncSocket: eafaa68a7e0ec99ead0a7b35015e0bf25d2c8987
  SnapKit: fe8a619752f3f27075cc9a90244d75c6c3f27e2a

PODFILE CHECKSUM: 33edc6cfd5ab24908bfdd28d85f5f2913cc0ba42

COCOAPODS: 1.6.0.beta.1
